
Microsoft Visual Studio Solution File, Format Version 12.00
# Visual Studio Version 17
VisualStudioVersion = 17.14.36310.24 d17.14
MinimumVisualStudioVersion = 10.0.40219.1
Project("{FAE04EC0-301F-11D3-BF4B-00C04F79EFBC}") = "Blackjack", "Blackjack\Blackjack.csproj", "{BD6FDBE5-5D49-47A8-B9A8-CC9FE1C06750}"
EndProject
Global
	GlobalSection(SolutionConfigurationPlatforms) = preSolution
		Debug|Any CPU = Debug|Any CPU
		Release|Any CPU = Release|Any CPU
	EndGlobalSection
	GlobalSection(ProjectConfigurationPlatforms) = postSolution
		{BD6FDBE5-5D49-47A8-B9A8-CC9FE1C06750}.Debug|Any CPU.ActiveCfg = Debug|Any CPU
		{BD6FDBE5-5D49-47A8-B9A8-CC9FE1C06750}.Debug|Any CPU.Build.0 = Debug|Any CPU
		{BD6FDBE5-5D49-47A8-B9A8-CC9FE1C06750}.Release|Any CPU.ActiveCfg = Release|Any CPU
		{BD6FDBE5-5D49-47A8-B9A8-CC9FE1C06750}.Release|Any CPU.Build.0 = Release|Any CPU
	EndGlobalSection
	GlobalSection(SolutionProperties) = preSolution
		HideSolutionNode = FALSE
	EndGlobalSection
	GlobalSection(ExtensibilityGlobals) = postSolution
		SolutionGuid = {23D6BACF-7756-4116-94B8-A9836FBF9DB3}
	EndGlobalSection
EndGlobal
