
Microsoft Visual Studio Solution File, Format Version 12.00
# Visual Studio Version 17
VisualStudioVersion = 17.14.36310.24 d17.14
MinimumVisualStudioVersion = 10.0.40219.1
Project("{FAE04EC0-301F-11D3-BF4B-00C04F79EFBC}") = "Dolgozat_2026.02.23", "Dolgozat_2026.02.23\Dolgozat_2026.02.23.csproj", "{EDEAED9D-8C7E-47A9-B8A1-53B545C8039F}"
EndProject
Global
	GlobalSection(SolutionConfigurationPlatforms) = preSolution
		Debug|Any CPU = Debug|Any CPU
		Release|Any CPU = Release|Any CPU
	EndGlobalSection
	GlobalSection(ProjectConfigurationPlatforms) = postSolution
		{EDEAED9D-8C7E-47A9-B8A1-53B545C8039F}.Debug|Any CPU.ActiveCfg = Debug|Any CPU
		{EDEAED9D-8C7E-47A9-B8A1-53B545C8039F}.Debug|Any CPU.Build.0 = Debug|Any CPU
		{EDEAED9D-8C7E-47A9-B8A1-53B545C8039F}.Release|Any CPU.ActiveCfg = Release|Any CPU
		{EDEAED9D-8C7E-47A9-B8A1-53B545C8039F}.Release|Any CPU.Build.0 = Release|Any CPU
	EndGlobalSection
	GlobalSection(SolutionProperties) = preSolution
		HideSolutionNode = FALSE
	EndGlobalSection
	GlobalSection(ExtensibilityGlobals) = postSolution
		SolutionGuid = {802C32A7-41D2-4747-8FE5-E9E06703529F}
	EndGlobalSection
EndGlobal
