
Microsoft Visual Studio Solution File, Format Version 12.00
# Visual Studio Version 17
VisualStudioVersion = 17.14.36310.24 d17.14
MinimumVisualStudioVersion = 10.0.40219.1
Project("{FAE04EC0-301F-11D3-BF4B-00C04F79EFBC}") = "gyakorlas", "gyakorlas\gyakorlas.csproj", "{0BCC4361-5C48-4E47-A766-8818A3E106DB}"
EndProject
Global
	GlobalSection(SolutionConfigurationPlatforms) = preSolution
		Debug|Any CPU = Debug|Any CPU
		Release|Any CPU = Release|Any CPU
	EndGlobalSection
	GlobalSection(ProjectConfigurationPlatforms) = postSolution
		{0BCC4361-5C48-4E47-A766-8818A3E106DB}.Debug|Any CPU.ActiveCfg = Debug|Any CPU
		{0BCC4361-5C48-4E47-A766-8818A3E106DB}.Debug|Any CPU.Build.0 = Debug|Any CPU
		{0BCC4361-5C48-4E47-A766-8818A3E106DB}.Release|Any CPU.ActiveCfg = Release|Any CPU
		{0BCC4361-5C48-4E47-A766-8818A3E106DB}.Release|Any CPU.Build.0 = Release|Any CPU
	EndGlobalSection
	GlobalSection(SolutionProperties) = preSolution
		HideSolutionNode = FALSE
	EndGlobalSection
	GlobalSection(ExtensibilityGlobals) = postSolution
		SolutionGuid = {5EA4B7F3-B4CF-4181-BE16-663F76A2E8F5}
	EndGlobalSection
EndGlobal
