
Microsoft Visual Studio Solution File, Format Version 12.00
# Visual Studio Version 17
VisualStudioVersion = 17.14.36310.24 d17.14
MinimumVisualStudioVersion = 10.0.40219.1
Project("{FAE04EC0-301F-11D3-BF4B-00C04F79EFBC}") = "epitmenyado", "epitmenyado\epitmenyado.csproj", "{7D95A3CD-A5EA-4173-B7DD-A012B591BA6F}"
EndProject
Global
	GlobalSection(SolutionConfigurationPlatforms) = preSolution
		Debug|Any CPU = Debug|Any CPU
		Release|Any CPU = Release|Any CPU
	EndGlobalSection
	GlobalSection(ProjectConfigurationPlatforms) = postSolution
		{7D95A3CD-A5EA-4173-B7DD-A012B591BA6F}.Debug|Any CPU.ActiveCfg = Debug|Any CPU
		{7D95A3CD-A5EA-4173-B7DD-A012B591BA6F}.Debug|Any CPU.Build.0 = Debug|Any CPU
		{7D95A3CD-A5EA-4173-B7DD-A012B591BA6F}.Release|Any CPU.ActiveCfg = Release|Any CPU
		{7D95A3CD-A5EA-4173-B7DD-A012B591BA6F}.Release|Any CPU.Build.0 = Release|Any CPU
	EndGlobalSection
	GlobalSection(SolutionProperties) = preSolution
		HideSolutionNode = FALSE
	EndGlobalSection
	GlobalSection(ExtensibilityGlobals) = postSolution
		SolutionGuid = {1125158F-EE31-413F-A367-6F41A8C647FD}
	EndGlobalSection
EndGlobal
